
Microsoft Visual Studio Solution File, Format Version 12.00
# Visual Studio Version 17
VisualStudioVersion = 17.14.37111.16 d17.14
MinimumVisualStudioVersion = 10.0.40219.1
Project("{FAE04EC0-301F-11D3-BF4B-00C04F79EFBC}") = "GIS.District.Service", "GIS.District.Service\GIS.District.Service.csproj", "{4F7A7A19-4B4A-40B7-BC3C-E0C3D89BEA4A}"
EndProject
Global
	GlobalSection(SolutionConfigurationPlatforms) = preSolution
		Debug|Any CPU = Debug|Any CPU
		Release|Any CPU = Release|Any CPU
	EndGlobalSection
	GlobalSection(ProjectConfigurationPlatforms) = postSolution
		{4F7A7A19-4B4A-40B7-BC3C-E0C3D89BEA4A}.Debug|Any CPU.ActiveCfg = Debug|Any CPU
		{4F7A7A19-4B4A-40B7-BC3C-E0C3D89BEA4A}.Debug|Any CPU.Build.0 = Debug|Any CPU
		{4F7A7A19-4B4A-40B7-BC3C-E0C3D89BEA4A}.Release|Any CPU.ActiveCfg = Release|Any CPU
		{4F7A7A19-4B4A-40B7-BC3C-E0C3D89BEA4A}.Release|Any CPU.Build.0 = Release|Any CPU
	EndGlobalSection
	GlobalSection(SolutionProperties) = preSolution
		HideSolutionNode = FALSE
	EndGlobalSection
	GlobalSection(ExtensibilityGlobals) = postSolution
		SolutionGuid = {47A75F23-6E49-4801-933E-45651568BA07}
	EndGlobalSection
EndGlobal
